// !$*UTF8*$!
{
	archiveVersion = 1;
	classes = {
	};
	objectVersion = 56;
	objects = {

/* Begin PBXBuildFile section */
		C04733562B693FC400C582BF /* bluetoothApp.swift in Sources */ = {isa = PBXBuildFile; fileRef = C04733552B693FC400C582BF /* bluetoothApp.swift */; };
		C04733582B693FC400C582BF /* ContentView.swift in Sources */ = {isa = PBXBuildFile; fileRef = C04733572B693FC400C582BF /* ContentView.swift */; };
		C047335A2B693FC600C582BF /* Assets.xcassets in Resources */ = {isa = PBXBuildFile; fileRef = C04733592B693FC600C582BF /* Assets.xcassets */; };
		C047335D2B693FC600C582BF /* Preview Assets.xcassets in Resources */ = {isa = PBXBuildFile; fileRef = C047335C2B693FC600C582BF /* Preview Assets.xcassets */; };
		C04733672B693FC600C582BF /* bluetoothTests.swift in Sources */ = {isa = PBXBuildFile; fileRef = C04733662B693FC600C582BF /* bluetoothTests.swift */; };
		C04733712B693FC600C582BF /* bluetoothUITests.swift in Sources */ = {isa = PBXBuildFile; fileRef = C04733702B693FC600C582BF /* bluetoothUITests.swift */; };
		C04733732B693FC600C582BF /* bluetoothUITestsLaunchTests.swift in Sources */ = {isa = PBXBuildFile; fileRef = C04733722B693FC600C582BF /* bluetoothUITestsLaunchTests.swift */; };
/* End PBXBuildFile section */

/* Begin PBXContainerItemProxy section */
		C04733632B693FC600C582BF /* PBXContainerItemProxy */ = {
			isa = PBXContainerItemProxy;
			containerPortal = C047334A2B693FC400C582BF /* Project object */;
			proxyType = 1;
			remoteGlobalIDString = C04733512B693FC400C582BF;
			remoteInfo = bluetooth;
		};
		C047336D2B693FC600C582BF /* PBXContainerItemProxy */ = {
			isa = PBXContainerItemProxy;
			containerPortal = C047334A2B693FC400C582BF /* Project object */;
			proxyType = 1;
			remoteGlobalIDString = C04733512B693FC400C582BF;
			remoteInfo = bluetooth;
		};
/* End PBXContainerItemProxy section */

/* Begin PBXFileReference section */
		C04733522B693FC400C582BF /* bluetooth.app */ = {isa = PBXFileReference; explicitFileType = wrapper.application; includeInIndex = 0; path = bluetooth.app; sourceTree = BUILT_PRODUCTS_DIR; };
		C04733552B693FC400C582BF /* bluetoothApp.swift */ = {isa = PBXFileReference; lastKnownFileType = sourcecode.swift; path = bluetoothApp.swift; sourceTree = "<group>"; };
		C04733572B693FC400C582BF /* ContentView.swift */ = {isa = PBXFileReference; lastKnownFileType = sourcecode.swift; path = ContentView.swift; sourceTree = "<group>"; };
		C04733592B693FC600C582BF /* Assets.xcassets */ = {isa = PBXFileReference; lastKnownFileType = folder.assetcatalog; path = Assets.xcassets; sourceTree = "<group>"; };
		C047335C2B693FC600C582BF /* Preview Assets.xcassets */ = {isa = PBXFileReference; lastKnownFileType = folder.assetcatalog; path = "Preview Assets.xcassets"; sourceTree = "<group>"; };
		C04733622B693FC600C582BF /* bluetoothTests.xctest */ = {isa = PBXFileReference; explicitFileType = wrapper.cfbundle; includeInIndex = 0; path = bluetoothTests.xctest; sourceTree = BUILT_PRODUCTS_DIR; };
		C04733662B693FC600C582BF /* bluetoothTests.swift */ = {isa = PBXFileReference; lastKnownFileType = sourcecode.swift; path = bluetoothTests.swift; sourceTree = "<group>"; };
		C047336C2B693FC600C582BF /* bluetoothUITests.xctest */ = {isa = PBXFileReference; explicitFileType = wrapper.cfbundle; includeInIndex = 0; path = bluetoothUITests.xctest; sourceTree = BUILT_PRODUCTS_DIR; };
		C04733702B693FC600C582BF /* bluetoothUITests.swift */ = {isa = PBXFileReference; lastKnownFileType = sourcecode.swift; path = bluetoothUITests.swift; sourceTree = "<group>"; };
		C04733722B693FC600C582BF /* bluetoothUITestsLaunchTests.swift */ = {isa = PBXFileReference; lastKnownFileType = sourcecode.swift; path = bluetoothUITestsLaunchTests.swift; sourceTree = "<group>"; };
/* End PBXFileReference section */

/* Begin PBXFrameworksBuildPhase section */
		C047334F2B693FC400C582BF /* Frameworks */ = {
			isa = PBXFrameworksBuildPhase;
			buildActionMask = 2147483647;
			files = (
			);
			runOnlyForDeploymentPostprocessing = 0;
		};
		C047335F2B693FC600C582BF /* Frameworks */ = {
			isa = PBXFrameworksBuildPhase;
			buildActionMask = 2147483647;
			files = (
			);
			runOnlyForDeploymentPostprocessing = 0;
		};
		C04733692B693FC600C582BF /* Frameworks */ = {
			isa = PBXFrameworksBuildPhase;
			buildActionMask = 2147483647;
			files = (
			);
			runOnlyForDeploymentPostprocessing = 0;
		};
/* End PBXFrameworksBuildPhase section */

/* Begin PBXGroup section */
		C04733492B693FC400C582BF = {
			isa = PBXGroup;
			children = (
				C04733542B693FC400C582BF /* bluetooth */,
				C04733652B693FC600C582BF /* bluetoothTests */,
				C047336F2B693FC600C582BF /* bluetoothUITests */,
				C04733532B693FC400C582BF /* Products */,
			);
			sourceTree = "<group>";
		};
		C04733532B693FC400C582BF /* Products */ = {
			isa = PBXGroup;
			children = (
				C04733522B693FC400C582BF /* bluetooth.app */,
				C04733622B693FC600C582BF /* bluetoothTests.xctest */,
				C047336C2B693FC600C582BF /* bluetoothUITests.xctest */,
			);
			name = Products;
			sourceTree = "<group>";
		};
		C04733542B693FC400C582BF /* bluetooth */ = {
			isa = PBXGroup;
			children = (
				C04733552B693FC400C582BF /* bluetoothApp.swift */,
				C04733572B693FC400C582BF /* ContentView.swift */,
				C04733592B693FC600C582BF /* Assets.xcassets */,
				C047335B2B693FC600C582BF /* Preview Content */,
			);
			path = bluetooth;
			sourceTree = "<group>";
		};
		C047335B2B693FC600C582BF /* Preview Content */ = {
			isa = PBXGroup;
			children = (
				C047335C2B693FC600C582BF /* Preview Assets.xcassets */,
			);
			path = "Preview Content";
			sourceTree = "<group>";
		};
		C04733652B693FC600C582BF /* bluetoothTests */ = {
			isa = PBXGroup;
			children = (
				C04733662B693FC600C582BF /* bluetoothTests.swift */,
			);
			path = bluetoothTests;
			sourceTree = "<group>";
		};
		C047336F2B693FC600C582BF /* bluetoothUITests */ = {
			isa = PBXGroup;
			children = (
				C04733702B693FC600C582BF /* bluetoothUITests.swift */,
				C04733722B693FC600C582BF /* bluetoothUITestsLaunchTests.swift */,
			);
			path = bluetoothUITests;
			sourceTree = "<group>";
		};
/* End PBXGroup section */

/* Begin PBXNativeTarget section */
		C04733512B693FC400C582BF /* bluetooth */ = {
			isa = PBXNativeTarget;
			buildConfigurationList = C04733762B693FC600C582BF /* Build configuration list for PBXNativeTarget "bluetooth" */;
			buildPhases = (
				C047334E2B693FC400C582BF /* Sources */,
				C047334F2B693FC400C582BF /* Frameworks */,
				C04733502B693FC400C582BF /* Resources */,
			);
			buildRules = (
			);
			dependencies = (
			);
			name = bluetooth;
			productName = bluetooth;
			productReference = C04733522B693FC400C582BF /* bluetooth.app */;
			productType = "com.apple.product-type.application";
		};
		C04733612B693FC600C582BF /* bluetoothTests */ = {
			isa = PBXNativeTarget;
			buildConfigurationList = C04733792B693FC600C582BF /* Build configuration list for PBXNativeTarget "bluetoothTests" */;
			buildPhases = (
				C047335E2B693FC600C582BF /* Sources */,
				C047335F2B693FC600C582BF /* Frameworks */,
				C04733602B693FC600C582BF /* Resources */,
			);
			buildRules = (
			);
			dependencies = (
				C04733642B693FC600C582BF /* PBXTargetDependency */,
			);
			name = bluetoothTests;
			productName = bluetoothTests;
			productReference = C04733622B693FC600C582BF /* bluetoothTests.xctest */;
			productType = "com.apple.product-type.bundle.unit-test";
		};
		C047336B2B693FC600C582BF /* bluetoothUITests */ = {
			isa = PBXNativeTarget;
			buildConfigurationList = C047337C2B693FC600C582BF /* Build configuration list for PBXNativeTarget "bluetoothUITests" */;
			buildPhases = (
				C04733682B693FC600C582BF /* Sources */,
				C04733692B693FC600C582BF /* Frameworks */,
				C047336A2B693FC600C582BF /* Resources */,
			);
			buildRules = (
			);
			dependencies = (
				C047336E2B693FC600C582BF /* PBXTargetDependency */,
			);
			name = bluetoothUITests;
			productName = bluetoothUITests;
			productReference = C047336C2B693FC600C582BF /* bluetoothUITests.xctest */;
			productType = "com.apple.product-type.bundle.ui-testing";
		};
/* End PBXNativeTarget section */

/* Begin PBXProject section */
		C047334A2B693FC400C582BF /* Project object */ = {
			isa = PBXProject;
			attributes = {
				BuildIndependentTargetsInParallel = 1;
				LastSwiftUpdateCheck = 1520;
				LastUpgradeCheck = 1520;
				TargetAttributes = {
					C04733512B693FC400C582BF = {
						CreatedOnToolsVersion = 15.2;
					};
					C04733612B693FC600C582BF = {
						CreatedOnToolsVersion = 15.2;
						TestTargetID = C04733512B693FC400C582BF;
					};
					C047336B2B693FC600C582BF = {
						CreatedOnToolsVersion = 15.2;
						TestTargetID = C04733512B693FC400C582BF;
					};
				};
			};
			buildConfigurationList = C047334D2B693FC400C582BF /* Build configuration list for PBXProject "bluetooth" */;
			compatibilityVersion = "Xcode 14.0";
			developmentRegion = en;
			hasScannedForEncodings = 0;
			knownRegions = (
				en,
				Base,
			);
			mainGroup = C04733492B693FC400C582BF;
			productRefGroup = C04733532B693FC400C582BF /* Products */;
			projectDirPath = "";
			projectRoot = "";
			targets = (
				C04733512B693FC400C582BF /* bluetooth */,
				C04733612B693FC600C582BF /* bluetoothTests */,
				C047336B2B693FC600C582BF /* bluetoothUITests */,
			);
		};
/* End PBXProject section */

/* Begin PBXResourcesBuildPhase section */
		C04733502B693FC400C582BF /* Resources */ = {
			isa = PBXResourcesBuildPhase;
			buildActionMask = 2147483647;
			files = (
				C047335D2B693FC600C582BF /* Preview Assets.xcassets in Resources */,
				C047335A2B693FC600C582BF /* Assets.xcassets in Resources */,
			);
			runOnlyForDeploymentPostprocessing = 0;
		};
		C04733602B693FC600C582BF /* Resources */ = {
			isa = PBXResourcesBuildPhase;
			buildActionMask = 2147483647;
			files = (
			);
			runOnlyForDeploymentPostprocessing = 0;
		};
		C047336A2B693FC600C582BF /* Resources */ = {
			isa = PBXResourcesBuildPhase;
			buildActionMask = 2147483647;
			files = (
			);
			runOnlyForDeploymentPostprocessing = 0;
		};
/* End PBXResourcesBuildPhase section */

/* Begin PBXSourcesBuildPhase section */
		C047334E2B693FC400C582BF /* Sources */ = {
			isa = PBXSourcesBuildPhase;
			buildActionMask = 2147483647;
			files = (
				C04733582B693FC400C582BF /* ContentView.swift in Sources */,
				C04733562B693FC400C582BF /* bluetoothApp.swift in Sources */,
			);
			runOnlyForDeploymentPostprocessing = 0;
		};
		C047335E2B693FC600C582BF /* Sources */ = {
			isa = PBXSourcesBuildPhase;
			buildActionMask = 2147483647;
			files = (
				C04733672B693FC600C582BF /* bluetoothTests.swift in Sources */,
			);
			runOnlyForDeploymentPostprocessing = 0;
		};
		C04733682B693FC600C582BF /* Sources */ = {
			isa = PBXSourcesBuildPhase;
			buildActionMask = 2147483647;
			files = (
				C04733712B693FC600C582BF /* bluetoothUITests.swift in Sources */,
				C04733732B693FC600C582BF /* bluetoothUITestsLaunchTests.swift in Sources */,
			);
			runOnlyForDeploymentPostprocessing = 0;
		};
/* End PBXSourcesBuildPhase section */

/* Begin PBXTargetDependency section */
		C04733642B693FC600C582BF /* PBXTargetDependency */ = {
			isa = PBXTargetDependency;
			target = C04733512B693FC400C582BF /* bluetooth */;
			targetProxy = C04733632B693FC600C582BF /* PBXContainerItemProxy */;
		};
		C047336E2B693FC600C582BF /* PBXTargetDependency */ = {
			isa = PBXTargetDependency;
			target = C04733512B693FC400C582BF /* bluetooth */;
			targetProxy = C047336D2B693FC600C582BF /* PBXContainerItemProxy */;
		};
/* End PBXTargetDependency section */

/* Begin XCBuildConfiguration section */
		C04733742B693FC600C582BF /* Debug */ = {
			isa = XCBuildConfiguration;
			buildSettings = {
				ALWAYS_SEARCH_USER_PATHS = NO;
				ASSETCATALOG_COMPILER_GENERATE_SWIFT_ASSET_SYMBOL_EXTENSIONS = YES;
				CLANG_ANALYZER_NONNULL = YES;
				CLANG_ANALYZER_NUMBER_OBJECT_CONVERSION = YES_AGGRESSIVE;
				CLANG_CXX_LANGUAGE_STANDARD = "gnu++20";
				CLANG_ENABLE_MODULES = YES;
				CLANG_ENABLE_OBJC_ARC = YES;
				CLANG_ENABLE_OBJC_WEAK = YES;
				CLANG_WARN_BLOCK_CAPTURE_AUTORELEASING = YES;
				CLANG_WARN_BOOL_CONVERSION = YES;
				CLANG_WARN_COMMA = YES;
				CLANG_WARN_CONSTANT_CONVERSION = YES;
				CLANG_WARN_DEPRECATED_OBJC_IMPLEMENTATIONS = YES;
				CLANG_WARN_DIRECT_OBJC_ISA_USAGE = YES_ERROR;
				CLANG_WARN_DOCUMENTATION_COMMENTS = YES;
				CLANG_WARN_EMPTY_BODY = YES;
				CLANG_WARN_ENUM_CONVERSION = YES;
				CLANG_WARN_INFINITE_RECURSION = YES;
				CLANG_WARN_INT_CONVERSION = YES;
				CLANG_WARN_NON_LITERAL_NULL_CONVERSION = YES;
				CLANG_WARN_OBJC_IMPLICIT_RETAIN_SELF = YES;
				CLANG_WARN_OBJC_LITERAL_CONVERSION = YES;
				CLANG_WARN_OBJC_ROOT_CLASS = YES_ERROR;
				CLANG_WARN_QUOTED_INCLUDE_IN_FRAMEWORK_HEADER = YES;
				CLANG_WARN_RANGE_LOOP_ANALYSIS = YES;
				CLANG_WARN_STRICT_PROTOTYPES = YES;
				CLANG_WARN_SUSPICIOUS_MOVE = YES;
				CLANG_WARN_UNGUARDED_AVAILABILITY = YES_AGGRESSIVE;
				CLANG_WARN_UNREACHABLE_CODE = YES;
				CLANG_WARN__DUPLICATE_METHOD_MATCH = YES;
				COPY_PHASE_STRIP = NO;
				DEBUG_INFORMATION_FORMAT = dwarf;
				ENABLE_STRICT_OBJC_MSGSEND = YES;
				ENABLE_TESTABILITY = YES;
				ENABLE_USER_SCRIPT_SANDBOXING = YES;
				GCC_C_LANGUAGE_STANDARD = gnu17;
				GCC_DYNAMIC_NO_PIC = NO;
				GCC_NO_COMMON_BLOCKS = YES;
				GCC_OPTIMIZATION_LEVEL = 0;
				GCC_PREPROCESSOR_DEFINITIONS = (
					"DEBUG=1",
					"$(inherited)",
				);
				GCC_WARN_64_TO_32_BIT_CONVERSION = YES;
				GCC_WARN_ABOUT_RETURN_TYPE = YES_ERROR;
				GCC_WARN_UNDECLARED_SELECTOR = YES;
				GCC_WARN_UNINITIALIZED_AUTOS = YES_AGGRESSIVE;
				GCC_WARN_UNUSED_FUNCTION = YES;
				GCC_WARN_UNUSED_VARIABLE = YES;
				IPHONEOS_DEPLOYMENT_TARGET = 17.2;
				LOCALIZATION_PREFERS_STRING_CATALOGS = YES;
				MTL_ENABLE_DEBUG_INFO = INCLUDE_SOURCE;
				MTL_FAST_MATH = YES;
				ONLY_ACTIVE_ARCH = YES;
				SDKROOT = iphoneos;
				SWIFT_ACTIVE_COMPILATION_CONDITIONS = "DEBUG $(inherited)";
				SWIFT_OPTIMIZATION_LEVEL = "-Onone";
			};
			name = Debug;
		};
		C04733752B693FC600C582BF /* Release */ = {
			isa = XCBuildConfiguration;
			buildSettings = {
				ALWAYS_SEARCH_USER_PATHS = NO;
				ASSETCATALOG_COMPILER_GENERATE_SWIFT_ASSET_SYMBOL_EXTENSIONS = YES;
				CLANG_ANALYZER_NONNULL = YES;
				CLANG_ANALYZER_NUMBER_OBJECT_CONVERSION = YES_AGGRESSIVE;
				CLANG_CXX_LANGUAGE_STANDARD = "gnu++20";
				CLANG_ENABLE_MODULES = YES;
				CLANG_ENABLE_OBJC_ARC = YES;
				CLANG_ENABLE_OBJC_WEAK = YES;
				CLANG_WARN_BLOCK_CAPTURE_AUTORELEASING = YES;
				CLANG_WARN_BOOL_CONVERSION = YES;
				CLANG_WARN_COMMA = YES;
				CLANG_WARN_CONSTANT_CONVERSION = YES;
				CLANG_WARN_DEPRECATED_OBJC_IMPLEMENTATIONS = YES;
				CLANG_WARN_DIRECT_OBJC_ISA_USAGE = YES_ERROR;
				CLANG_WARN_DOCUMENTATION_COMMENTS = YES;
				CLANG_WARN_EMPTY_BODY = YES;
				CLANG_WARN_ENUM_CONVERSION = YES;
				CLANG_WARN_INFINITE_RECURSION = YES;
				CLANG_WARN_INT_CONVERSION = YES;
				CLANG_WARN_NON_LITERAL_NULL_CONVERSION = YES;
				CLANG_WARN_OBJC_IMPLICIT_RETAIN_SELF = YES;
				CLANG_WARN_OBJC_LITERAL_CONVERSION = YES;
				CLANG_WARN_OBJC_ROOT_CLASS = YES_ERROR;
				CLANG_WARN_QUOTED_INCLUDE_IN_FRAMEWORK_HEADER = YES;
				CLANG_WARN_RANGE_LOOP_ANALYSIS = YES;
				CLANG_WARN_STRICT_PROTOTYPES = YES;
				CLANG_WARN_SUSPICIOUS_MOVE = YES;
				CLANG_WARN_UNGUARDED_AVAILABILITY = YES_AGGRESSIVE;
				CLANG_WARN_UNREACHABLE_CODE = YES;
				CLANG_WARN__DUPLICATE_METHOD_MATCH = YES;
				COPY_PHASE_STRIP = NO;
				DEBUG_INFORMATION_FORMAT = "dwarf-with-dsym";
				ENABLE_NS_ASSERTIONS = NO;
				ENABLE_STRICT_OBJC_MSGSEND = YES;
				ENABLE_USER_SCRIPT_SANDBOXING = YES;
				GCC_C_LANGUAGE_STANDARD = gnu17;
				GCC_NO_COMMON_BLOCKS = YES;
				GCC_WARN_64_TO_32_BIT_CONVERSION = YES;
				GCC_WARN_ABOUT_RETURN_TYPE = YES_ERROR;
				GCC_WARN_UNDECLARED_SELECTOR = YES;
				GCC_WARN_UNINITIALIZED_AUTOS = YES_AGGRESSIVE;
				GCC_WARN_UNUSED_FUNCTION = YES;
				GCC_WARN_UNUSED_VARIABLE = YES;
				IPHONEOS_DEPLOYMENT_TARGET = 17.2;
				LOCALIZATION_PREFERS_STRING_CATALOGS = YES;
				MTL_ENABLE_DEBUG_INFO = NO;
				MTL_FAST_MATH = YES;
				SDKROOT = iphoneos;
				SWIFT_COMPILATION_MODE = wholemodule;
				VALIDATE_PRODUCT = YES;
			};
			name = Release;
		};
		C04733772B693FC600C582BF /* Debug */ = {
			isa = XCBuildConfiguration;
			buildSettings = {
				ASSETCATALOG_COMPILER_APPICON_NAME = AppIcon;
				ASSETCATALOG_COMPILER_GLOBAL_ACCENT_COLOR_NAME = AccentColor;
				CODE_SIGN_STYLE = Automatic;
				CURRENT_PROJECT_VERSION = 1;
				DEVELOPMENT_ASSET_PATHS = "\"bluetooth/Preview Content\"";
				DEVELOPMENT_TEAM = P42JNL2WR2;
				ENABLE_PREVIEWS = YES;
				GENERATE_INFOPLIST_FILE = YES;
				INFOPLIST_KEY_NSBluetoothAlwaysUsageDescription = "";
				INFOPLIST_KEY_NSBluetoothPeripheralUsageDescription = "";
				INFOPLIST_KEY_UIApplicationSceneManifest_Generation = YES;
				INFOPLIST_KEY_UIApplicationSupportsIndirectInputEvents = YES;
				INFOPLIST_KEY_UILaunchScreen_Generation = YES;
				INFOPLIST_KEY_UISupportedInterfaceOrientations_iPad = "UIInterfaceOrientationPortrait UIInterfaceOrientationPortraitUpsideDown UIInterfaceOrientationLandscapeLeft UIInterfaceOrientationLandscapeRight";
				INFOPLIST_KEY_UISupportedInterfaceOrientations_iPhone = "UIInterfaceOrientationPortrait UIInterfaceOrientationLandscapeLeft UIInterfaceOrientationLandscapeRight";
				LD_RUNPATH_SEARCH_PATHS = (
					"$(inherited)",
					"@executable_path/Frameworks",
				);
				MARKETING_VERSION = 1.0;
				PRODUCT_BUNDLE_IDENTIFIER = ece477.bluetooth;
				PRODUCT_NAME = "$(TARGET_NAME)";
				SWIFT_EMIT_LOC_STRINGS = YES;
				SWIFT_VERSION = 5.0;
				TARGETED_DEVICE_FAMILY = "1,2";
			};
			name = Debug;
		};
		C04733782B693FC600C582BF /* Release */ = {
			isa = XCBuildConfiguration;
			buildSettings = {
				ASSETCATALOG_COMPILER_APPICON_NAME = AppIcon;
				ASSETCATALOG_COMPILER_GLOBAL_ACCENT_COLOR_NAME = AccentColor;
				CODE_SIGN_STYLE = Automatic;
				CURRENT_PROJECT_VERSION = 1;
				DEVELOPMENT_ASSET_PATHS = "\"bluetooth/Preview Content\"";
				DEVELOPMENT_TEAM = P42JNL2WR2;
				ENABLE_PREVIEWS = YES;
				GENERATE_INFOPLIST_FILE = YES;
				INFOPLIST_KEY_NSBluetoothAlwaysUsageDescription = "";
				INFOPLIST_KEY_NSBluetoothPeripheralUsageDescription = "";
				INFOPLIST_KEY_UIApplicationSceneManifest_Generation = YES;
				INFOPLIST_KEY_UIApplicationSupportsIndirectInputEvents = YES;
				INFOPLIST_KEY_UILaunchScreen_Generation = YES;
				INFOPLIST_KEY_UISupportedInterfaceOrientations_iPad = "UIInterfaceOrientationPortrait UIInterfaceOrientationPortraitUpsideDown UIInterfaceOrientationLandscapeLeft UIInterfaceOrientationLandscapeRight";
				INFOPLIST_KEY_UISupportedInterfaceOrientations_iPhone = "UIInterfaceOrientationPortrait UIInterfaceOrientationLandscapeLeft UIInterfaceOrientationLandscapeRight";
				LD_RUNPATH_SEARCH_PATHS = (
					"$(inherited)",
					"@executable_path/Frameworks",
				);
				MARKETING_VERSION = 1.0;
				PRODUCT_BUNDLE_IDENTIFIER = ece477.bluetooth;
				PRODUCT_NAME = "$(TARGET_NAME)";
				SWIFT_EMIT_LOC_STRINGS = YES;
				SWIFT_VERSION = 5.0;
				TARGETED_DEVICE_FAMILY = "1,2";
			};
			name = Release;
		};
		C047337A2B693FC600C582BF /* Debug */ = {
			isa = XCBuildConfiguration;
			buildSettings = {
				ALWAYS_EMBED_SWIFT_STANDARD_LIBRARIES = YES;
				BUNDLE_LOADER = "$(TEST_HOST)";
				CODE_SIGN_STYLE = Automatic;
				CURRENT_PROJECT_VERSION = 1;
				DEVELOPMENT_TEAM = P42JNL2WR2;
				GENERATE_INFOPLIST_FILE = YES;
				IPHONEOS_DEPLOYMENT_TARGET = 17.2;
				MARKETING_VERSION = 1.0;
				PRODUCT_BUNDLE_IDENTIFIER = ece477.bluetoothTests;
				PRODUCT_NAME = "$(TARGET_NAME)";
				SWIFT_EMIT_LOC_STRINGS = NO;
				SWIFT_VERSION = 5.0;
				TARGETED_DEVICE_FAMILY = "1,2";
				TEST_HOST = "$(BUILT_PRODUCTS_DIR)/bluetooth.app/$(BUNDLE_EXECUTABLE_FOLDER_PATH)/bluetooth";
			};
			name = Debug;
		};
		C047337B2B693FC600C582BF /* Release */ = {
			isa = XCBuildConfiguration;
			buildSettings = {
				ALWAYS_EMBED_SWIFT_STANDARD_LIBRARIES = YES;
				BUNDLE_LOADER = "$(TEST_HOST)";
				CODE_SIGN_STYLE = Automatic;
				CURRENT_PROJECT_VERSION = 1;
				DEVELOPMENT_TEAM = P42JNL2WR2;
				GENERATE_INFOPLIST_FILE = YES;
				IPHONEOS_DEPLOYMENT_TARGET = 17.2;
				MARKETING_VERSION = 1.0;
				PRODUCT_BUNDLE_IDENTIFIER = ece477.bluetoothTests;
				PRODUCT_NAME = "$(TARGET_NAME)";
				SWIFT_EMIT_LOC_STRINGS = NO;
				SWIFT_VERSION = 5.0;
				TARGETED_DEVICE_FAMILY = "1,2";
				TEST_HOST = "$(BUILT_PRODUCTS_DIR)/bluetooth.app/$(BUNDLE_EXECUTABLE_FOLDER_PATH)/bluetooth";
			};
			name = Release;
		};
		C047337D2B693FC600C582BF /* Debug */ = {
			isa = XCBuildConfiguration;
			buildSettings = {
				ALWAYS_EMBED_SWIFT_STANDARD_LIBRARIES = YES;
				CODE_SIGN_STYLE = Automatic;
				CURRENT_PROJECT_VERSION = 1;
				DEVELOPMENT_TEAM = P42JNL2WR2;
				GENERATE_INFOPLIST_FILE = YES;
				MARKETING_VERSION = 1.0;
				PRODUCT_BUNDLE_IDENTIFIER = ece477.bluetoothUITests;
				PRODUCT_NAME = "$(TARGET_NAME)";
				SWIFT_EMIT_LOC_STRINGS = NO;
				SWIFT_VERSION = 5.0;
				TARGETED_DEVICE_FAMILY = "1,2";
				TEST_TARGET_NAME = bluetooth;
			};
			name = Debug;
		};
		C047337E2B693FC600C582BF /* Release */ = {
			isa = XCBuildConfiguration;
			buildSettings = {
				ALWAYS_EMBED_SWIFT_STANDARD_LIBRARIES = YES;
				CODE_SIGN_STYLE = Automatic;
				CURRENT_PROJECT_VERSION = 1;
				DEVELOPMENT_TEAM = P42JNL2WR2;
				GENERATE_INFOPLIST_FILE = YES;
				MARKETING_VERSION = 1.0;
				PRODUCT_BUNDLE_IDENTIFIER = ece477.bluetoothUITests;
				PRODUCT_NAME = "$(TARGET_NAME)";
				SWIFT_EMIT_LOC_STRINGS = NO;
				SWIFT_VERSION = 5.0;
				TARGETED_DEVICE_FAMILY = "1,2";
				TEST_TARGET_NAME = bluetooth;
			};
			name = Release;
		};
/* End XCBuildConfiguration section */

/* Begin XCConfigurationList section */
		C047334D2B693FC400C582BF /* Build configuration list for PBXProject "bluetooth" */ = {
			isa = XCConfigurationList;
			buildConfigurations = (
				C04733742B693FC600C582BF /* Debug */,
				C04733752B693FC600C582BF /* Release */,
			);
			defaultConfigurationIsVisible = 0;
			defaultConfigurationName = Release;
		};
		C04733762B693FC600C582BF /* Build configuration list for PBXNativeTarget "bluetooth" */ = {
			isa = XCConfigurationList;
			buildConfigurations = (
				C04733772B693FC600C582BF /* Debug */,
				C04733782B693FC600C582BF /* Release */,
			);
			defaultConfigurationIsVisible = 0;
			defaultConfigurationName = Release;
		};
		C04733792B693FC600C582BF /* Build configuration list for PBXNativeTarget "bluetoothTests" */ = {
			isa = XCConfigurationList;
			buildConfigurations = (
				C047337A2B693FC600C582BF /* Debug */,
				C047337B2B693FC600C582BF /* Release */,
			);
			defaultConfigurationIsVisible = 0;
			defaultConfigurationName = Release;
		};
		C047337C2B693FC600C582BF /* Build configuration list for PBXNativeTarget "bluetoothUITests" */ = {
			isa = XCConfigurationList;
			buildConfigurations = (
				C047337D2B693FC600C582BF /* Debug */,
				C047337E2B693FC600C582BF /* Release */,
			);
			defaultConfigurationIsVisible = 0;
			defaultConfigurationName = Release;
		};
/* End XCConfigurationList section */
	};
	rootObject = C047334A2B693FC400C582BF /* Project object */;
}
